
Microsoft Visual Studio Solution File, Format Version 12.00
# Visual Studio 15
VisualStudioVersion = 15.0.33423.255
MinimumVisualStudioVersion = 10.0.40219.1
Project("{FAE04EC0-301F-11D3-BF4B-00C04F79EFBC}") = "Top Down", "Top Down\Top Down.csproj", "{777C0025-8040-44D0-BEB3-DAF2F1168915}"
EndProject
Global
	GlobalSection(SolutionConfigurationPlatforms) = preSolution
		Debug|Any CPU = Debug|Any CPU
		Release|Any CPU = Release|Any CPU
	EndGlobalSection
	GlobalSection(ProjectConfigurationPlatforms) = postSolution
		{777C0025-8040-44D0-BEB3-DAF2F1168915}.Debug|Any CPU.ActiveCfg = Debug|Any CPU
		{777C0025-8040-44D0-BEB3-DAF2F1168915}.Debug|Any CPU.Build.0 = Debug|Any CPU
		{777C0025-8040-44D0-BEB3-DAF2F1168915}.Release|Any CPU.ActiveCfg = Release|Any CPU
		{777C0025-8040-44D0-BEB3-DAF2F1168915}.Release|Any CPU.Build.0 = Release|Any CPU
	EndGlobalSection
	GlobalSection(SolutionProperties) = preSolution
		HideSolutionNode = FALSE
	EndGlobalSection
	GlobalSection(ExtensibilityGlobals) = postSolution
		SolutionGuid = {B82989FB-559B-4A05-938A-D733A479580D}
	EndGlobalSection
EndGlobal
